
Microsoft Visual Studio Solution File, Format Version 12.00
# Visual Studio Version 17
VisualStudioVersion = 17.9.34622.214
MinimumVisualStudioVersion = 10.0.40219.1
Project("{778DAE3C-4631-46EA-AA77-85C1314464D9}") = "ExpenseTrackerApplication", "ExpenseTrackerApplication.vbproj", "{8DDB648E-AC3E-4A1E-A55C-B4FFDC8D51AC}"
EndProject
Project("{2150E333-8FDC-42A3-9474-1A3956D46DE8}") = "Solution Items", "Solution Items", "{3F832022-4534-4499-8709-13FEA9FAE6B1}"
	ProjectSection(SolutionItems) = preProject
		..\ExpenseTrackerProject_A-8-\Form5.vb = ..\ExpenseTrackerProject_A-8-\Form5.vb
	EndProjectSection
EndProject
Global
	GlobalSection(SolutionConfigurationPlatforms) = preSolution
		Debug|Any CPU = Debug|Any CPU
		Release|Any CPU = Release|Any CPU
	EndGlobalSection
	GlobalSection(ProjectConfigurationPlatforms) = postSolution
		{8DDB648E-AC3E-4A1E-A55C-B4FFDC8D51AC}.Debug|Any CPU.ActiveCfg = Debug|Any CPU
		{8DDB648E-AC3E-4A1E-A55C-B4FFDC8D51AC}.Debug|Any CPU.Build.0 = Debug|Any CPU
		{8DDB648E-AC3E-4A1E-A55C-B4FFDC8D51AC}.Release|Any CPU.ActiveCfg = Release|Any CPU
		{8DDB648E-AC3E-4A1E-A55C-B4FFDC8D51AC}.Release|Any CPU.Build.0 = Release|Any CPU
	EndGlobalSection
	GlobalSection(SolutionProperties) = preSolution
		HideSolutionNode = FALSE
	EndGlobalSection
	GlobalSection(ExtensibilityGlobals) = postSolution
		SolutionGuid = {64000C9D-98B7-4453-A273-18656D6C0B62}
	EndGlobalSection
EndGlobal
